
Microsoft Visual Studio Solution File, Format Version 12.00
# Visual Studio Version 17
VisualStudioVersion = 17.13.35818.85
MinimumVisualStudioVersion = 10.0.40219.1
Project("{FAE04EC0-301F-11D3-BF4B-00C04F79EFBC}") = "Examen", "Examen\Examen.csproj", "{569D9D9D-96A4-4ED3-963E-EA285B52395F}"
EndProject
Project("{FAE04EC0-301F-11D3-BF4B-00C04F79EFBC}") = "TorneoModelos", "TorneoModelos\TorneoModelos.csproj", "{363A1297-42CF-4713-94EF-02ED3D3CA4BB}"
EndProject
Project("{FAE04EC0-301F-11D3-BF4B-00C04F79EFBC}") = "Torneo.Consola", "Torneo.Consola\Torneo.Consola.csproj", "{CE970EA4-555D-42BA-8272-B596663C8C49}"
EndProject
Project("{FAE04EC0-301F-11D3-BF4B-00C04F79EFBC}") = "LibreriaAPI.Consumer", "LibreriaAPI.Consumer\LibreriaAPI.Consumer.csproj", "{9C0FA489-2E17-40F5-A4A2-C7CB0CBE67EC}"
EndProject
Global
	GlobalSection(SolutionConfigurationPlatforms) = preSolution
		Debug|Any CPU = Debug|Any CPU
		Release|Any CPU = Release|Any CPU
	EndGlobalSection
	GlobalSection(ProjectConfigurationPlatforms) = postSolution
		{569D9D9D-96A4-4ED3-963E-EA285B52395F}.Debug|Any CPU.ActiveCfg = Debug|Any CPU
		{569D9D9D-96A4-4ED3-963E-EA285B52395F}.Debug|Any CPU.Build.0 = Debug|Any CPU
		{569D9D9D-96A4-4ED3-963E-EA285B52395F}.Release|Any CPU.ActiveCfg = Release|Any CPU
		{569D9D9D-96A4-4ED3-963E-EA285B52395F}.Release|Any CPU.Build.0 = Release|Any CPU
		{363A1297-42CF-4713-94EF-02ED3D3CA4BB}.Debug|Any CPU.ActiveCfg = Debug|Any CPU
		{363A1297-42CF-4713-94EF-02ED3D3CA4BB}.Debug|Any CPU.Build.0 = Debug|Any CPU
		{363A1297-42CF-4713-94EF-02ED3D3CA4BB}.Release|Any CPU.ActiveCfg = Release|Any CPU
		{363A1297-42CF-4713-94EF-02ED3D3CA4BB}.Release|Any CPU.Build.0 = Release|Any CPU
		{CE970EA4-555D-42BA-8272-B596663C8C49}.Debug|Any CPU.ActiveCfg = Debug|Any CPU
		{CE970EA4-555D-42BA-8272-B596663C8C49}.Debug|Any CPU.Build.0 = Debug|Any CPU
		{CE970EA4-555D-42BA-8272-B596663C8C49}.Release|Any CPU.ActiveCfg = Release|Any CPU
		{CE970EA4-555D-42BA-8272-B596663C8C49}.Release|Any CPU.Build.0 = Release|Any CPU
		{9C0FA489-2E17-40F5-A4A2-C7CB0CBE67EC}.Debug|Any CPU.ActiveCfg = Debug|Any CPU
		{9C0FA489-2E17-40F5-A4A2-C7CB0CBE67EC}.Debug|Any CPU.Build.0 = Debug|Any CPU
		{9C0FA489-2E17-40F5-A4A2-C7CB0CBE67EC}.Release|Any CPU.ActiveCfg = Release|Any CPU
		{9C0FA489-2E17-40F5-A4A2-C7CB0CBE67EC}.Release|Any CPU.Build.0 = Release|Any CPU
	EndGlobalSection
	GlobalSection(SolutionProperties) = preSolution
		HideSolutionNode = FALSE
	EndGlobalSection
	GlobalSection(ExtensibilityGlobals) = postSolution
		SolutionGuid = {900B7FE5-F5F4-4035-A8AF-29C85EBF6A24}
	EndGlobalSection
EndGlobal
